
Microsoft Visual Studio Solution File, Format Version 12.00
# Visual Studio Version 17
VisualStudioVersion = 17.7.34003.232
MinimumVisualStudioVersion = 10.0.40219.1
Project("{FAE04EC0-301F-11D3-BF4B-00C04F79EFBC}") = "ffplayWrap", "ffplayWrap\ffplayWrap.csproj", "{07700307-6E52-482C-B49C-F63C22AC1C59}"
EndProject
Global
	GlobalSection(SolutionConfigurationPlatforms) = preSolution
		Debug|Any CPU = Debug|Any CPU
		Release|Any CPU = Release|Any CPU
	EndGlobalSection
	GlobalSection(ProjectConfigurationPlatforms) = postSolution
		{07700307-6E52-482C-B49C-F63C22AC1C59}.Debug|Any CPU.ActiveCfg = Debug|Any CPU
		{07700307-6E52-482C-B49C-F63C22AC1C59}.Debug|Any CPU.Build.0 = Debug|Any CPU
		{07700307-6E52-482C-B49C-F63C22AC1C59}.Release|Any CPU.ActiveCfg = Release|Any CPU
		{07700307-6E52-482C-B49C-F63C22AC1C59}.Release|Any CPU.Build.0 = Release|Any CPU
	EndGlobalSection
	GlobalSection(SolutionProperties) = preSolution
		HideSolutionNode = FALSE
	EndGlobalSection
	GlobalSection(ExtensibilityGlobals) = postSolution
		SolutionGuid = {E4A27A26-D8BD-49B9-8ECF-1272A834D513}
	EndGlobalSection
EndGlobal
